
Microsoft Visual Studio Solution File, Format Version 12.00
# Visual Studio Version 17
VisualStudioVersion = 17.14.36705.20
MinimumVisualStudioVersion = 10.0.40219.1
Project("{FAE04EC0-301F-11D3-BF4B-00C04F79EFBC}") = "TravelAgencySystem.UI.Console", "TravelAgencySystem.UI.Console\TravelAgencySystem.UI.Console.csproj", "{8AC28C78-CD48-441A-BB7D-5B5800B88633}"
EndProject
Project("{FAE04EC0-301F-11D3-BF4B-00C04F79EFBC}") = "TravelAgencySystem.DataModel", "TravelAgencySystem.DataModel\TravelAgencySystem.DataModel.csproj", "{32A5BAED-1BBE-462F-AC06-ED1665C43026}"
EndProject
Project("{FAE04EC0-301F-11D3-BF4B-00C04F79EFBC}") = "TravelAgencySystem.Abstractions", "TravelAgencySystem.Abstractions\TravelAgencySystem.Abstractions.csproj", "{3D7DDBD3-630A-4FBC-9475-85CF2709E9A5}"
EndProject
Global
	GlobalSection(SolutionConfigurationPlatforms) = preSolution
		Debug|Any CPU = Debug|Any CPU
		Debug|x64 = Debug|x64
		Debug|x86 = Debug|x86
		Release|Any CPU = Release|Any CPU
		Release|x64 = Release|x64
		Release|x86 = Release|x86
	EndGlobalSection
	GlobalSection(ProjectConfigurationPlatforms) = postSolution
		{8AC28C78-CD48-441A-BB7D-5B5800B88633}.Debug|Any CPU.ActiveCfg = Debug|Any CPU
		{8AC28C78-CD48-441A-BB7D-5B5800B88633}.Debug|Any CPU.Build.0 = Debug|Any CPU
		{8AC28C78-CD48-441A-BB7D-5B5800B88633}.Debug|x64.ActiveCfg = Debug|Any CPU
		{8AC28C78-CD48-441A-BB7D-5B5800B88633}.Debug|x64.Build.0 = Debug|Any CPU
		{8AC28C78-CD48-441A-BB7D-5B5800B88633}.Debug|x86.ActiveCfg = Debug|Any CPU
		{8AC28C78-CD48-441A-BB7D-5B5800B88633}.Debug|x86.Build.0 = Debug|Any CPU
		{8AC28C78-CD48-441A-BB7D-5B5800B88633}.Release|Any CPU.ActiveCfg = Release|Any CPU
		{8AC28C78-CD48-441A-BB7D-5B5800B88633}.Release|Any CPU.Build.0 = Release|Any CPU
		{8AC28C78-CD48-441A-BB7D-5B5800B88633}.Release|x64.ActiveCfg = Release|Any CPU
		{8AC28C78-CD48-441A-BB7D-5B5800B88633}.Release|x64.Build.0 = Release|Any CPU
		{8AC28C78-CD48-441A-BB7D-5B5800B88633}.Release|x86.ActiveCfg = Release|Any CPU
		{8AC28C78-CD48-441A-BB7D-5B5800B88633}.Release|x86.Build.0 = Release|Any CPU
		{32A5BAED-1BBE-462F-AC06-ED1665C43026}.Debug|Any CPU.ActiveCfg = Debug|Any CPU
		{32A5BAED-1BBE-462F-AC06-ED1665C43026}.Debug|Any CPU.Build.0 = Debug|Any CPU
		{32A5BAED-1BBE-462F-AC06-ED1665C43026}.Debug|x64.ActiveCfg = Debug|Any CPU
		{32A5BAED-1BBE-462F-AC06-ED1665C43026}.Debug|x64.Build.0 = Debug|Any CPU
		{32A5BAED-1BBE-462F-AC06-ED1665C43026}.Debug|x86.ActiveCfg = Debug|Any CPU
		{32A5BAED-1BBE-462F-AC06-ED1665C43026}.Debug|x86.Build.0 = Debug|Any CPU
		{32A5BAED-1BBE-462F-AC06-ED1665C43026}.Release|Any CPU.ActiveCfg = Release|Any CPU
		{32A5BAED-1BBE-462F-AC06-ED1665C43026}.Release|Any CPU.Build.0 = Release|Any CPU
		{32A5BAED-1BBE-462F-AC06-ED1665C43026}.Release|x64.ActiveCfg = Release|Any CPU
		{32A5BAED-1BBE-462F-AC06-ED1665C43026}.Release|x64.Build.0 = Release|Any CPU
		{32A5BAED-1BBE-462F-AC06-ED1665C43026}.Release|x86.ActiveCfg = Release|Any CPU
		{32A5BAED-1BBE-462F-AC06-ED1665C43026}.Release|x86.Build.0 = Release|Any CPU
		{3D7DDBD3-630A-4FBC-9475-85CF2709E9A5}.Debug|Any CPU.ActiveCfg = Debug|Any CPU
		{3D7DDBD3-630A-4FBC-9475-85CF2709E9A5}.Debug|Any CPU.Build.0 = Debug|Any CPU
		{3D7DDBD3-630A-4FBC-9475-85CF2709E9A5}.Debug|x64.ActiveCfg = Debug|Any CPU
		{3D7DDBD3-630A-4FBC-9475-85CF2709E9A5}.Debug|x64.Build.0 = Debug|Any CPU
		{3D7DDBD3-630A-4FBC-9475-85CF2709E9A5}.Debug|x86.ActiveCfg = Debug|Any CPU
		{3D7DDBD3-630A-4FBC-9475-85CF2709E9A5}.Debug|x86.Build.0 = Debug|Any CPU
		{3D7DDBD3-630A-4FBC-9475-85CF2709E9A5}.Release|Any CPU.ActiveCfg = Release|Any CPU
		{3D7DDBD3-630A-4FBC-9475-85CF2709E9A5}.Release|Any CPU.Build.0 = Release|Any CPU
		{3D7DDBD3-630A-4FBC-9475-85CF2709E9A5}.Release|x64.ActiveCfg = Release|Any CPU
		{3D7DDBD3-630A-4FBC-9475-85CF2709E9A5}.Release|x64.Build.0 = Release|Any CPU
		{3D7DDBD3-630A-4FBC-9475-85CF2709E9A5}.Release|x86.ActiveCfg = Release|Any CPU
		{3D7DDBD3-630A-4FBC-9475-85CF2709E9A5}.Release|x86.Build.0 = Release|Any CPU
	EndGlobalSection
	GlobalSection(SolutionProperties) = preSolution
		HideSolutionNode = FALSE
	EndGlobalSection
	GlobalSection(ExtensibilityGlobals) = postSolution
		SolutionGuid = {7F35A725-5360-40B6-AEA7-4FB7D3CA4C36}
	EndGlobalSection
EndGlobal
